<?xml version="1.0" encoding="UTF-8" standalone="yes" ?>
<CodeBlocks_project_file>
	<FileVersion major="1" minor="6" />
	<Project>
		<Option title="prim&apos;s_final_version" />
		<Option pch_mode="2" />
		<Option compiler="gcc" />
		<Build>
			<Target title="Debug">
				<Option output="bin/Debug/prim&apos;s_final_version" prefix_auto="1" extension_auto="1" />
				<Option object_output="obj/Debug/" />
				<Option type="1" />
				<Option compiler="gcc" />
				<Compiler>
					<Add option="-g" />
				</Compiler>
			</Target>
			<Target title="Release">
				<Option output="bin/Release/prim&apos;s_final_version" prefix_auto="1" extension_auto="1" />
				<Option object_output="obj/Release/" />
				<Option type="1" />
				<Option compiler="gcc" />
				<Compiler>
					<Add option="-O2" />
				</Compiler>
				<Linker>
					<Add option="-s" />
				</Linker>
			</Target>
		</Build>
		<Compiler>
			<Add option="-Wall" />
		</Compiler>
		<Unit filename="adj_matrix_generator.c">
			<Option compilerVar="CC" />
			<Option link="0" />
		</Unit>
		<Unit filename="adj_matrix_generator.h" />
		<Unit filename="main.c">
			<Option compilerVar="CC" />
		</Unit>
		<Unit filename="prim.c">
			<Option compilerVar="CC" />
			<Option link="0" />
		</Unit>
		<Unit filename="prim.h" />
		<Unit filename="test1.in" />
		<Unit filename="test1.out" />
		<Unit filename="test10.in" />
		<Unit filename="test10.out" />
		<Unit filename="test2.in" />
		<Unit filename="test2.out" />
		<Unit filename="test3.in" />
		<Unit filename="test3.out" />
		<Unit filename="test4.in" />
		<Unit filename="test4.out" />
		<Unit filename="test5.in" />
		<Unit filename="test5.out" />
		<Unit filename="test6.in" />
		<Unit filename="test6.out" />
		<Unit filename="test7.in" />
		<Unit filename="test7.out" />
		<Unit filename="test8.in" />
		<Unit filename="test8.out" />
		<Unit filename="test9.in" />
		<Unit filename="test9.out" />
		<Extensions />
	</Project>
</CodeBlocks_project_file>
